
Microsoft Visual Studio Solution File, Format Version 12.00
# Visual Studio Version 17
VisualStudioVersion = 17.3.32929.385
MinimumVisualStudioVersion = 10.0.40219.1
Project("{FAE04EC0-301F-11D3-BF4B-00C04F79EFBC}") = "Store", "Store\Store.csproj", "{AC4BFAFA-97AF-469B-B965-52F86BF0FD9C}"
EndProject
Global
	GlobalSection(SolutionConfigurationPlatforms) = preSolution
		Debug|Any CPU = Debug|Any CPU
		Release|Any CPU = Release|Any CPU
	EndGlobalSection
	GlobalSection(ProjectConfigurationPlatforms) = postSolution
		{AC4BFAFA-97AF-469B-B965-52F86BF0FD9C}.Debug|Any CPU.ActiveCfg = Debug|Any CPU
		{AC4BFAFA-97AF-469B-B965-52F86BF0FD9C}.Debug|Any CPU.Build.0 = Debug|Any CPU
		{AC4BFAFA-97AF-469B-B965-52F86BF0FD9C}.Release|Any CPU.ActiveCfg = Release|Any CPU
		{AC4BFAFA-97AF-469B-B965-52F86BF0FD9C}.Release|Any CPU.Build.0 = Release|Any CPU
	EndGlobalSection
	GlobalSection(SolutionProperties) = preSolution
		HideSolutionNode = FALSE
	EndGlobalSection
	GlobalSection(ExtensibilityGlobals) = postSolution
		SolutionGuid = {80F25B38-F61A-4FC8-9EDA-5092D18731BB}
	EndGlobalSection
EndGlobal
